
Microsoft Visual Studio Solution File, Format Version 12.00
# Visual Studio Version 17
VisualStudioVersion = 17.14.36121.58 d17.14
MinimumVisualStudioVersion = 10.0.40219.1
Project("{FAE04EC0-301F-11D3-BF4B-00C04F79EFBC}") = "random-password-generator-cli", "random-password-generator-cli.csproj", "{8BC86339-6434-4489-8E03-EBB6D35E6DE1}"
EndProject
Global
	GlobalSection(SolutionConfigurationPlatforms) = preSolution
		Debug|Any CPU = Debug|Any CPU
		Release|Any CPU = Release|Any CPU
	EndGlobalSection
	GlobalSection(ProjectConfigurationPlatforms) = postSolution
		{8BC86339-6434-4489-8E03-EBB6D35E6DE1}.Debug|Any CPU.ActiveCfg = Debug|Any CPU
		{8BC86339-6434-4489-8E03-EBB6D35E6DE1}.Debug|Any CPU.Build.0 = Debug|Any CPU
		{8BC86339-6434-4489-8E03-EBB6D35E6DE1}.Release|Any CPU.ActiveCfg = Release|Any CPU
		{8BC86339-6434-4489-8E03-EBB6D35E6DE1}.Release|Any CPU.Build.0 = Release|Any CPU
	EndGlobalSection
	GlobalSection(SolutionProperties) = preSolution
		HideSolutionNode = FALSE
	EndGlobalSection
	GlobalSection(ExtensibilityGlobals) = postSolution
		SolutionGuid = {68FD6192-ABF5-4E14-B62E-961F889F8DA2}
	EndGlobalSection
EndGlobal
